
Microsoft Visual Studio Solution File, Format Version 11.00
# Visual Studio 2010
Project("{E24C65DC-7377-472B-9ABA-BC803B73C61A}") = "India Darshan", "F:\India Darshan\", "{1CADC20D-9420-421E-899C-EBBD09046806}"
	ProjectSection(WebsiteProperties) = preProject
		TargetFrameworkMoniker = ".NETFramework,Version%3Dv4.0"
		Debug.AspNetCompiler.VirtualPath = "/India Darshan"
		Debug.AspNetCompiler.PhysicalPath = "F:\India Darshan\"
		Debug.AspNetCompiler.TargetPath = "PrecompiledWeb\India Darshan\"
		Debug.AspNetCompiler.Updateable = "true"
		Debug.AspNetCompiler.ForceOverwrite = "true"
		Debug.AspNetCompiler.FixedNames = "false"
		Debug.AspNetCompiler.Debug = "True"
		Release.AspNetCompiler.VirtualPath = "/India Darshan"
		Release.AspNetCompiler.PhysicalPath = "F:\India Darshan\"
		Release.AspNetCompiler.TargetPath = "PrecompiledWeb\India Darshan\"
		Release.AspNetCompiler.Updateable = "true"
		Release.AspNetCompiler.ForceOverwrite = "true"
		Release.AspNetCompiler.FixedNames = "false"
		Release.AspNetCompiler.Debug = "False"
		VWDPort = "2430"
		VWDDynamicPort = "false"
	EndProjectSection
EndProject
Global
	GlobalSection(SolutionConfigurationPlatforms) = preSolution
		Debug|Any CPU = Debug|Any CPU
	EndGlobalSection
	GlobalSection(ProjectConfigurationPlatforms) = postSolution
		{1CADC20D-9420-421E-899C-EBBD09046806}.Debug|Any CPU.ActiveCfg = Debug|Any CPU
		{1CADC20D-9420-421E-899C-EBBD09046806}.Debug|Any CPU.Build.0 = Debug|Any CPU
	EndGlobalSection
	GlobalSection(SolutionProperties) = preSolution
		HideSolutionNode = FALSE
	EndGlobalSection
EndGlobal
